
Microsoft Visual Studio Solution File, Format Version 12.00
# Visual Studio Version 17
VisualStudioVersion = 17.11.35312.102
MinimumVisualStudioVersion = 10.0.40219.1
Project("{9A19103F-16F7-4668-BE54-9A1E7A4F7556}") = "UpFluxAutomationTest", "UpFluxAutomationTest.csproj", "{AD0B3634-1810-4C27-A80A-9D26D469F3F1}"
EndProject
Project("{9A19103F-16F7-4668-BE54-9A1E7A4F7556}") = "UpFluxAutomation", "..\UpFluxAutomation\UpFluxAutomation.csproj", "{6446A914-7292-4CD4-BDF9-199C1D82982B}"
EndProject
Global
	GlobalSection(SolutionConfigurationPlatforms) = preSolution
		Debug|Any CPU = Debug|Any CPU
		Release|Any CPU = Release|Any CPU
	EndGlobalSection
	GlobalSection(ProjectConfigurationPlatforms) = postSolution
		{AD0B3634-1810-4C27-A80A-9D26D469F3F1}.Debug|Any CPU.ActiveCfg = Debug|Any CPU
		{AD0B3634-1810-4C27-A80A-9D26D469F3F1}.Debug|Any CPU.Build.0 = Debug|Any CPU
		{AD0B3634-1810-4C27-A80A-9D26D469F3F1}.Release|Any CPU.ActiveCfg = Release|Any CPU
		{AD0B3634-1810-4C27-A80A-9D26D469F3F1}.Release|Any CPU.Build.0 = Release|Any CPU
		{6446A914-7292-4CD4-BDF9-199C1D82982B}.Debug|Any CPU.ActiveCfg = Debug|Any CPU
		{6446A914-7292-4CD4-BDF9-199C1D82982B}.Debug|Any CPU.Build.0 = Debug|Any CPU
		{6446A914-7292-4CD4-BDF9-199C1D82982B}.Release|Any CPU.ActiveCfg = Release|Any CPU
		{6446A914-7292-4CD4-BDF9-199C1D82982B}.Release|Any CPU.Build.0 = Release|Any CPU
	EndGlobalSection
	GlobalSection(SolutionProperties) = preSolution
		HideSolutionNode = FALSE
	EndGlobalSection
	GlobalSection(ExtensibilityGlobals) = postSolution
		SolutionGuid = {F168026F-DE93-4FEF-A427-71FBDA8F7FD4}
	EndGlobalSection
EndGlobal
