
Microsoft Visual Studio Solution File, Format Version 12.00
# Visual Studio Version 17
VisualStudioVersion = 17.11.35312.102
MinimumVisualStudioVersion = 10.0.40219.1
Project("{9A19103F-16F7-4668-BE54-9A1E7A4F7556}") = "UpFluxAutomation", "UpFluxAutomation.csproj", "{011BBEF1-7DDE-4F55-89EA-B0A1B70A79AB}"
EndProject
Project("{9A19103F-16F7-4668-BE54-9A1E7A4F7556}") = "UpFluxAutomationTest", "..\UpFluxAutomationTest\UpFluxAutomationTest.csproj", "{B18F869D-61F9-4698-A20F-D826C4AE46CE}"
EndProject
Global
	GlobalSection(SolutionConfigurationPlatforms) = preSolution
		Debug|Any CPU = Debug|Any CPU
		Release|Any CPU = Release|Any CPU
	EndGlobalSection
	GlobalSection(ProjectConfigurationPlatforms) = postSolution
		{011BBEF1-7DDE-4F55-89EA-B0A1B70A79AB}.Debug|Any CPU.ActiveCfg = Debug|Any CPU
		{011BBEF1-7DDE-4F55-89EA-B0A1B70A79AB}.Debug|Any CPU.Build.0 = Debug|Any CPU
		{011BBEF1-7DDE-4F55-89EA-B0A1B70A79AB}.Release|Any CPU.ActiveCfg = Release|Any CPU
		{011BBEF1-7DDE-4F55-89EA-B0A1B70A79AB}.Release|Any CPU.Build.0 = Release|Any CPU
		{B18F869D-61F9-4698-A20F-D826C4AE46CE}.Debug|Any CPU.ActiveCfg = Debug|Any CPU
		{B18F869D-61F9-4698-A20F-D826C4AE46CE}.Debug|Any CPU.Build.0 = Debug|Any CPU
		{B18F869D-61F9-4698-A20F-D826C4AE46CE}.Release|Any CPU.ActiveCfg = Release|Any CPU
		{B18F869D-61F9-4698-A20F-D826C4AE46CE}.Release|Any CPU.Build.0 = Release|Any CPU
	EndGlobalSection
	GlobalSection(SolutionProperties) = preSolution
		HideSolutionNode = FALSE
	EndGlobalSection
	GlobalSection(ExtensibilityGlobals) = postSolution
		SolutionGuid = {213C1CE6-9655-478F-94FD-CEE736628E29}
	EndGlobalSection
EndGlobal
